
Microsoft Visual Studio Solution File, Format Version 12.00
# Visual Studio 15
VisualStudioVersion = 15.0.28307.572
MinimumVisualStudioVersion = 10.0.40219.1
Project("{FAE04EC0-301F-11D3-BF4B-00C04F79EFBC}") = "UnitTestProject2", "UnitTestProject2\UnitTestProject2.csproj", "{2E9FA2A9-469F-4E48-A29A-B0F8B66B5501}"
EndProject
Global
	GlobalSection(SolutionConfigurationPlatforms) = preSolution
		Debug|Any CPU = Debug|Any CPU
		Release|Any CPU = Release|Any CPU
	EndGlobalSection
	GlobalSection(ProjectConfigurationPlatforms) = postSolution
		{2E9FA2A9-469F-4E48-A29A-B0F8B66B5501}.Debug|Any CPU.ActiveCfg = Debug|Any CPU
		{2E9FA2A9-469F-4E48-A29A-B0F8B66B5501}.Debug|Any CPU.Build.0 = Debug|Any CPU
		{2E9FA2A9-469F-4E48-A29A-B0F8B66B5501}.Release|Any CPU.ActiveCfg = Release|Any CPU
		{2E9FA2A9-469F-4E48-A29A-B0F8B66B5501}.Release|Any CPU.Build.0 = Release|Any CPU
	EndGlobalSection
	GlobalSection(SolutionProperties) = preSolution
		HideSolutionNode = FALSE
	EndGlobalSection
	GlobalSection(ExtensibilityGlobals) = postSolution
		SolutionGuid = {F3204E06-4BB6-40B3-B412-5ADAA1DFE3A9}
	EndGlobalSection
EndGlobal
